<?xml version="1.0" encoding="utf-8"?>
<Project ToolsVersion="4.0" xmlns="http://schemas.microsoft.com/developer/msbuild/2003">
  <ItemGroup>
    <Filter Include="Resource Files">
      <UniqueIdentifier>{67DA6AB6-F800-4c08-8B7A-83BB121AAD01}</UniqueIdentifier>
      <Extensions>rc;ico;cur;bmp;dlg;rc2;rct;bin;rgs;gif;jpg;jpeg;jpe;resx;tiff;tif;png;wav;mfcribbon-ms</Extensions>
    </Filter>
    <Filter Include="Resource Files\Conditional-Statement">
      <UniqueIdentifier>{4FC737F1-C7A5-4376-A066-2A32D752A2FF}</UniqueIdentifier>
      <Extensions>cpp;c;cc;cxx;c++;cppm;ixx;def;odl;idl;hpj;bat;asm;asmx</Extensions>
    </Filter>
    <Filter Include="Resource Files\functions">
      <UniqueIdentifier>{540b2ad1-b1ce-4175-8df8-eb377de70582}</UniqueIdentifier>
    </Filter>
    <Filter Include="Resource Files\Binary-Number-System">
      <UniqueIdentifier>{209ebc87-3284-4ea4-95bf-e6eb8a018030}</UniqueIdentifier>
    </Filter>
    <Filter Include="Resource Files\Bitwise-operator">
      <UniqueIdentifier>{95be408c-77e0-437c-87b3-d32a80f953f2}</UniqueIdentifier>
    </Filter>
    <Filter Include="Resource Files\Arrays-Cpp">
      <UniqueIdentifier>{9533c731-87f9-4fdd-a7c1-10c9272eb661}</UniqueIdentifier>
    </Filter>
  </ItemGroup>
  <ItemGroup>
    <ClCompile Include="loops.cpp">
      <Filter>Resource Files\Conditional-Statement</Filter>
    </ClCompile>
    <ClCompile Include="constionalStatment.cpp">
      <Filter>Resource Files\Conditional-Statement</Filter>
    </ClCompile>
    <ClCompile Include="patterns.cpp">
      <Filter>Resource Files\Conditional-Statement</Filter>
    </ClCompile>
    <ClCompile Include="functions.cpp">
      <Filter>Resource Files\functions</Filter>
    </ClCompile>
    <ClCompile Include="binary-number-system.cpp">
      <Filter>Resource Files\Binary-Number-System</Filter>
    </ClCompile>
    <ClCompile Include="bitwise-operator.cpp">
      <Filter>Resource Files\Bitwise-operator</Filter>
    </ClCompile>
    <ClCompile Include="Arrays.cpp">
      <Filter>Resource Files\Arrays-Cpp</Filter>
    </ClCompile>
  </ItemGroup>
</Project>